// !$*UTF8*$!
{
	archiveVersion = 1;
	classes = {
	};
	objectVersion = 48;
	objects = {

/* Begin PBXBuildFile section */
		8A57C0EB1F7E03DC008D1A9E /* AppDelegate.swift in Sources */ = {isa = PBXBuildFile; fileRef = 8A57C0EA1F7E03DC008D1A9E /* AppDelegate.swift */; };
		8A57C0ED1F7E03DC008D1A9E /* ViewController.swift in Sources */ = {isa = PBXBuildFile; fileRef = 8A57C0EC1F7E03DC008D1A9E /* ViewController.swift */; };
		8A57C0F01F7E03DC008D1A9E /* Main.storyboard in Resources */ = {isa = PBXBuildFile; fileRef = 8A57C0EE1F7E03DC008D1A9E /* Main.storyboard */; };
		8A57C0F21F7E03DC008D1A9E /* Assets.xcassets in Resources */ = {isa = PBXBuildFile; fileRef = 8A57C0F11F7E03DC008D1A9E /* Assets.xcassets */; };
		8A57C0F51F7E03DC008D1A9E /* LaunchScreen.storyboard in Resources */ = {isa = PBXBuildFile; fileRef = 8A57C0F31F7E03DC008D1A9E /* LaunchScreen.storyboard */; };
		8A57C0FE1F7E0452008D1A9E /* TransitionViewController.swift in Sources */ = {isa = PBXBuildFile; fileRef = 8A57C0FD1F7E0452008D1A9E /* TransitionViewController.swift */; };
		8A57C1001F7E04A4008D1A9E /* TransitionAnimator.swift in Sources */ = {isa = PBXBuildFile; fileRef = 8A57C0FF1F7E04A3008D1A9E /* TransitionAnimator.swift */; };
		8A57C1031F7E0534008D1A9E /* BlurViewController.swift in Sources */ = {isa = PBXBuildFile; fileRef = 8A57C1011F7E0534008D1A9E /* BlurViewController.swift */; };
		8A57C1041F7E0534008D1A9E /* BlurViewController.xib in Resources */ = {isa = PBXBuildFile; fileRef = 8A57C1021F7E0534008D1A9E /* BlurViewController.xib */; };
		8AEA68371F8219440038B7E4 /* TransitionViewControllerDemoTests.swift in Sources */ = {isa = PBXBuildFile; fileRef = 8AEA68361F8219440038B7E4 /* TransitionViewControllerDemoTests.swift */; };
/* End PBXBuildFile section */

/* Begin PBXContainerItemProxy section */
		8AEA68391F8219440038B7E4 /* PBXContainerItemProxy */ = {
			isa = PBXContainerItemProxy;
			containerPortal = 8A57C0DF1F7E03DC008D1A9E /* Project object */;
			proxyType = 1;
			remoteGlobalIDString = 8A57C0E61F7E03DC008D1A9E;
			remoteInfo = TransitionViewControllerDemo;
		};
/* End PBXContainerItemProxy section */

/* Begin PBXFileReference section */
		8A57C0E71F7E03DC008D1A9E /* TransitionViewControllerDemo.app */ = {isa = PBXFileReference; explicitFileType = wrapper.application; includeInIndex = 0; path = TransitionViewControllerDemo.app; sourceTree = BUILT_PRODUCTS_DIR; };
		8A57C0EA1F7E03DC008D1A9E /* AppDelegate.swift */ = {isa = PBXFileReference; lastKnownFileType = sourcecode.swift; path = AppDelegate.swift; sourceTree = "<group>"; };
		8A57C0EC1F7E03DC008D1A9E /* ViewController.swift */ = {isa = PBXFileReference; lastKnownFileType = sourcecode.swift; path = ViewController.swift; sourceTree = "<group>"; };
		8A57C0EF1F7E03DC008D1A9E /* Base */ = {isa = PBXFileReference; lastKnownFileType = file.storyboard; name = Base; path = Base.lproj/Main.storyboard; sourceTree = "<group>"; };
		8A57C0F11F7E03DC008D1A9E /* Assets.xcassets */ = {isa = PBXFileReference; lastKnownFileType = folder.assetcatalog; path = Assets.xcassets; sourceTree = "<group>"; };
		8A57C0F41F7E03DC008D1A9E /* Base */ = {isa = PBXFileReference; lastKnownFileType = file.storyboard; name = Base; path = Base.lproj/LaunchScreen.storyboard; sourceTree = "<group>"; };
		8A57C0F61F7E03DC008D1A9E /* Info.plist */ = {isa = PBXFileReference; lastKnownFileType = text.plist.xml; path = Info.plist; sourceTree = "<group>"; };
		8A57C0FD1F7E0452008D1A9E /* TransitionViewController.swift */ = {isa = PBXFileReference; lastKnownFileType = sourcecode.swift; path = TransitionViewController.swift; sourceTree = "<group>"; };
		8A57C0FF1F7E04A3008D1A9E /* TransitionAnimator.swift */ = {isa = PBXFileReference; lastKnownFileType = sourcecode.swift; path = TransitionAnimator.swift; sourceTree = "<group>"; };
		8A57C1011F7E0534008D1A9E /* BlurViewController.swift */ = {isa = PBXFileReference; lastKnownFileType = sourcecode.swift; path = BlurViewController.swift; sourceTree = "<group>"; };
		8A57C1021F7E0534008D1A9E /* BlurViewController.xib */ = {isa = PBXFileReference; lastKnownFileType = file.xib; path = BlurViewController.xib; sourceTree = "<group>"; };
		8AEA68341F8219440038B7E4 /* TransitionViewControllerDemoTests.xctest */ = {isa = PBXFileReference; explicitFileType = wrapper.cfbundle; includeInIndex = 0; path = TransitionViewControllerDemoTests.xctest; sourceTree = BUILT_PRODUCTS_DIR; };
		8AEA68361F8219440038B7E4 /* TransitionViewControllerDemoTests.swift */ = {isa = PBXFileReference; lastKnownFileType = sourcecode.swift; path = TransitionViewControllerDemoTests.swift; sourceTree = "<group>"; };
		8AEA68381F8219440038B7E4 /* Info.plist */ = {isa = PBXFileReference; lastKnownFileType = text.plist.xml; path = Info.plist; sourceTree = "<group>"; };
/* End PBXFileReference section */

/* Begin PBXFrameworksBuildPhase section */
		8A57C0E41F7E03DC008D1A9E /* Frameworks */ = {
			isa = PBXFrameworksBuildPhase;
			buildActionMask = 2147483647;
			files = (
			);
			runOnlyForDeploymentPostprocessing = 0;
		};
		8AEA68311F8219440038B7E4 /* Frameworks */ = {
			isa = PBXFrameworksBuildPhase;
			buildActionMask = 2147483647;
			files = (
			);
			runOnlyForDeploymentPostprocessing = 0;
		};
/* End PBXFrameworksBuildPhase section */

/* Begin PBXGroup section */
		8A57C0DE1F7E03DC008D1A9E = {
			isa = PBXGroup;
			children = (
				8A57C0E91F7E03DC008D1A9E /* TransitionViewControllerDemo */,
				8AEA68351F8219440038B7E4 /* TransitionViewControllerDemoTests */,
				8A57C0E81F7E03DC008D1A9E /* Products */,
			);
			sourceTree = "<group>";
		};
		8A57C0E81F7E03DC008D1A9E /* Products */ = {
			isa = PBXGroup;
			children = (
				8A57C0E71F7E03DC008D1A9E /* TransitionViewControllerDemo.app */,
				8AEA68341F8219440038B7E4 /* TransitionViewControllerDemoTests.xctest */,
			);
			name = Products;
			sourceTree = "<group>";
		};
		8A57C0E91F7E03DC008D1A9E /* TransitionViewControllerDemo */ = {
			isa = PBXGroup;
			children = (
				8A57C0FC1F7E0447008D1A9E /* TransitionViewController */,
				8A57C0EA1F7E03DC008D1A9E /* AppDelegate.swift */,
				8A57C0EC1F7E03DC008D1A9E /* ViewController.swift */,
				8A57C0EE1F7E03DC008D1A9E /* Main.storyboard */,
				8A57C1011F7E0534008D1A9E /* BlurViewController.swift */,
				8A57C1021F7E0534008D1A9E /* BlurViewController.xib */,
				8A57C0F11F7E03DC008D1A9E /* Assets.xcassets */,
				8A57C0F31F7E03DC008D1A9E /* LaunchScreen.storyboard */,
				8A57C0F61F7E03DC008D1A9E /* Info.plist */,
			);
			path = TransitionViewControllerDemo;
			sourceTree = "<group>";
		};
		8A57C0FC1F7E0447008D1A9E /* TransitionViewController */ = {
			isa = PBXGroup;
			children = (
				8A57C0FD1F7E0452008D1A9E /* TransitionViewController.swift */,
				8A57C0FF1F7E04A3008D1A9E /* TransitionAnimator.swift */,
			);
			path = TransitionViewController;
			sourceTree = "<group>";
		};
		8AEA68351F8219440038B7E4 /* TransitionViewControllerDemoTests */ = {
			isa = PBXGroup;
			children = (
				8AEA68361F8219440038B7E4 /* TransitionViewControllerDemoTests.swift */,
				8AEA68381F8219440038B7E4 /* Info.plist */,
			);
			path = TransitionViewControllerDemoTests;
			sourceTree = "<group>";
		};
/* End PBXGroup section */

/* Begin PBXNativeTarget section */
		8A57C0E61F7E03DC008D1A9E /* TransitionViewControllerDemo */ = {
			isa = PBXNativeTarget;
			buildConfigurationList = 8A57C0F91F7E03DC008D1A9E /* Build configuration list for PBXNativeTarget "TransitionViewControllerDemo" */;
			buildPhases = (
				8A57C0E31F7E03DC008D1A9E /* Sources */,
				8A57C0E41F7E03DC008D1A9E /* Frameworks */,
				8A57C0E51F7E03DC008D1A9E /* Resources */,
			);
			buildRules = (
			);
			dependencies = (
			);
			name = TransitionViewControllerDemo;
			productName = TransitionViewControllerDemo;
			productReference = 8A57C0E71F7E03DC008D1A9E /* TransitionViewControllerDemo.app */;
			productType = "com.apple.product-type.application";
		};
		8AEA68331F8219440038B7E4 /* TransitionViewControllerDemoTests */ = {
			isa = PBXNativeTarget;
			buildConfigurationList = 8AEA683D1F8219440038B7E4 /* Build configuration list for PBXNativeTarget "TransitionViewControllerDemoTests" */;
			buildPhases = (
				8AEA68301F8219440038B7E4 /* Sources */,
				8AEA68311F8219440038B7E4 /* Frameworks */,
				8AEA68321F8219440038B7E4 /* Resources */,
			);
			buildRules = (
			);
			dependencies = (
				8AEA683A1F8219440038B7E4 /* PBXTargetDependency */,
			);
			name = TransitionViewControllerDemoTests;
			productName = TransitionViewControllerDemoTests;
			productReference = 8AEA68341F8219440038B7E4 /* TransitionViewControllerDemoTests.xctest */;
			productType = "com.apple.product-type.bundle.unit-test";
		};
/* End PBXNativeTarget section */

/* Begin PBXProject section */
		8A57C0DF1F7E03DC008D1A9E /* Project object */ = {
			isa = PBXProject;
			attributes = {
				LastSwiftUpdateCheck = 0900;
				LastUpgradeCheck = 0900;
				ORGANIZATIONNAME = Liyao;
				TargetAttributes = {
					8A57C0E61F7E03DC008D1A9E = {
						CreatedOnToolsVersion = 9.0;
						ProvisioningStyle = Automatic;
					};
					8AEA68331F8219440038B7E4 = {
						CreatedOnToolsVersion = 9.0;
						ProvisioningStyle = Automatic;
						TestTargetID = 8A57C0E61F7E03DC008D1A9E;
					};
				};
			};
			buildConfigurationList = 8A57C0E21F7E03DC008D1A9E /* Build configuration list for PBXProject "TransitionViewControllerDemo" */;
			compatibilityVersion = "Xcode 8.0";
			developmentRegion = en;
			hasScannedForEncodings = 0;
			knownRegions = (
				en,
				Base,
			);
			mainGroup = 8A57C0DE1F7E03DC008D1A9E;
			productRefGroup = 8A57C0E81F7E03DC008D1A9E /* Products */;
			projectDirPath = "";
			projectRoot = "";
			targets = (
				8A57C0E61F7E03DC008D1A9E /* TransitionViewControllerDemo */,
				8AEA68331F8219440038B7E4 /* TransitionViewControllerDemoTests */,
			);
		};
/* End PBXProject section */

/* Begin PBXResourcesBuildPhase section */
		8A57C0E51F7E03DC008D1A9E /* Resources */ = {
			isa = PBXResourcesBuildPhase;
			buildActionMask = 2147483647;
			files = (
				8A57C0F51F7E03DC008D1A9E /* LaunchScreen.storyboard in Resources */,
				8A57C0F21F7E03DC008D1A9E /* Assets.xcassets in Resources */,
				8A57C0F01F7E03DC008D1A9E /* Main.storyboard in Resources */,
				8A57C1041F7E0534008D1A9E /* BlurViewController.xib in Resources */,
			);
			runOnlyForDeploymentPostprocessing = 0;
		};
		8AEA68321F8219440038B7E4 /* Resources */ = {
			isa = PBXResourcesBuildPhase;
			buildActionMask = 2147483647;
			files = (
			);
			runOnlyForDeploymentPostprocessing = 0;
		};
/* End PBXResourcesBuildPhase section */

/* Begin PBXSourcesBuildPhase section */
		8A57C0E31F7E03DC008D1A9E /* Sources */ = {
			isa = PBXSourcesBuildPhase;
			buildActionMask = 2147483647;
			files = (
				8A57C0ED1F7E03DC008D1A9E /* ViewController.swift in Sources */,
				8A57C1001F7E04A4008D1A9E /* TransitionAnimator.swift in Sources */,
				8A57C0FE1F7E0452008D1A9E /* TransitionViewController.swift in Sources */,
				8A57C1031F7E0534008D1A9E /* BlurViewController.swift in Sources */,
				8A57C0EB1F7E03DC008D1A9E /* AppDelegate.swift in Sources */,
			);
			runOnlyForDeploymentPostprocessing = 0;
		};
		8AEA68301F8219440038B7E4 /* Sources */ = {
			isa = PBXSourcesBuildPhase;
			buildActionMask = 2147483647;
			files = (
				8AEA68371F8219440038B7E4 /* TransitionViewControllerDemoTests.swift in Sources */,
			);
			runOnlyForDeploymentPostprocessing = 0;
		};
/* End PBXSourcesBuildPhase section */

/* Begin PBXTargetDependency section */
		8AEA683A1F8219440038B7E4 /* PBXTargetDependency */ = {
			isa = PBXTargetDependency;
			target = 8A57C0E61F7E03DC008D1A9E /* TransitionViewControllerDemo */;
			targetProxy = 8AEA68391F8219440038B7E4 /* PBXContainerItemProxy */;
		};
/* End PBXTargetDependency section */

/* Begin PBXVariantGroup section */
		8A57C0EE1F7E03DC008D1A9E /* Main.storyboard */ = {
			isa = PBXVariantGroup;
			children = (
				8A57C0EF1F7E03DC008D1A9E /* Base */,
			);
			name = Main.storyboard;
			sourceTree = "<group>";
		};
		8A57C0F31F7E03DC008D1A9E /* LaunchScreen.storyboard */ = {
			isa = PBXVariantGroup;
			children = (
				8A57C0F41F7E03DC008D1A9E /* Base */,
			);
			name = LaunchScreen.storyboard;
			sourceTree = "<group>";
		};
/* End PBXVariantGroup section */

/* Begin XCBuildConfiguration section */
		8A57C0F71F7E03DC008D1A9E /* Debug */ = {
			isa = XCBuildConfiguration;
			buildSettings = {
				ALWAYS_SEARCH_USER_PATHS = NO;
				CLANG_ANALYZER_NONNULL = YES;
				CLANG_ANALYZER_NUMBER_OBJECT_CONVERSION = YES_AGGRESSIVE;
				CLANG_CXX_LANGUAGE_STANDARD = "gnu++14";
				CLANG_CXX_LIBRARY = "libc++";
				CLANG_ENABLE_MODULES = YES;
				CLANG_ENABLE_OBJC_ARC = YES;
				CLANG_WARN_BLOCK_CAPTURE_AUTORELEASING = YES;
				CLANG_WARN_BOOL_CONVERSION = YES;
				CLANG_WARN_COMMA = YES;
				CLANG_WARN_CONSTANT_CONVERSION = YES;
				CLANG_WARN_DIRECT_OBJC_ISA_USAGE = YES_ERROR;
				CLANG_WARN_DOCUMENTATION_COMMENTS = YES;
				CLANG_WARN_EMPTY_BODY = YES;
				CLANG_WARN_ENUM_CONVERSION = YES;
				CLANG_WARN_INFINITE_RECURSION = YES;
				CLANG_WARN_INT_CONVERSION = YES;
				CLANG_WARN_NON_LITERAL_NULL_CONVERSION = YES;
				CLANG_WARN_OBJC_LITERAL_CONVERSION = YES;
				CLANG_WARN_OBJC_ROOT_CLASS = YES_ERROR;
				CLANG_WARN_RANGE_LOOP_ANALYSIS = YES;
				CLANG_WARN_STRICT_PROTOTYPES = YES;
				CLANG_WARN_SUSPICIOUS_MOVE = YES;
				CLANG_WARN_UNGUARDED_AVAILABILITY = YES_AGGRESSIVE;
				CLANG_WARN_UNREACHABLE_CODE = YES;
				CLANG_WARN__DUPLICATE_METHOD_MATCH = YES;
				CODE_SIGN_IDENTITY = "iPhone Developer";
				COPY_PHASE_STRIP = NO;
				DEBUG_INFORMATION_FORMAT = dwarf;
				ENABLE_STRICT_OBJC_MSGSEND = YES;
				ENABLE_TESTABILITY = YES;
				GCC_C_LANGUAGE_STANDARD = gnu11;
				GCC_DYNAMIC_NO_PIC = NO;
				GCC_NO_COMMON_BLOCKS = YES;
				GCC_OPTIMIZATION_LEVEL = 0;
				GCC_PREPROCESSOR_DEFINITIONS = (
					"DEBUG=1",
					"$(inherited)",
				);
				GCC_WARN_64_TO_32_BIT_CONVERSION = YES;
				GCC_WARN_ABOUT_RETURN_TYPE = YES_ERROR;
				GCC_WARN_UNDECLARED_SELECTOR = YES;
				GCC_WARN_UNINITIALIZED_AUTOS = YES_AGGRESSIVE;
				GCC_WARN_UNUSED_FUNCTION = YES;
				GCC_WARN_UNUSED_VARIABLE = YES;
				IPHONEOS_DEPLOYMENT_TARGET = 11.0;
				MTL_ENABLE_DEBUG_INFO = YES;
				ONLY_ACTIVE_ARCH = YES;
				SDKROOT = iphoneos;
				SWIFT_ACTIVE_COMPILATION_CONDITIONS = DEBUG;
				SWIFT_OPTIMIZATION_LEVEL = "-Onone";
			};
			name = Debug;
		};
		8A57C0F81F7E03DC008D1A9E /* Release */ = {
			isa = XCBuildConfiguration;
			buildSettings = {
				ALWAYS_SEARCH_USER_PATHS = NO;
				CLANG_ANALYZER_NONNULL = YES;
				CLANG_ANALYZER_NUMBER_OBJECT_CONVERSION = YES_AGGRESSIVE;
				CLANG_CXX_LANGUAGE_STANDARD = "gnu++14";
				CLANG_CXX_LIBRARY = "libc++";
				CLANG_ENABLE_MODULES = YES;
				CLANG_ENABLE_OBJC_ARC = YES;
				CLANG_WARN_BLOCK_CAPTURE_AUTORELEASING = YES;
				CLANG_WARN_BOOL_CONVERSION = YES;
				CLANG_WARN_COMMA = YES;
				CLANG_WARN_CONSTANT_CONVERSION = YES;
				CLANG_WARN_DIRECT_OBJC_ISA_USAGE = YES_ERROR;
				CLANG_WARN_DOCUMENTATION_COMMENTS = YES;
				CLANG_WARN_EMPTY_BODY = YES;
				CLANG_WARN_ENUM_CONVERSION = YES;
				CLANG_WARN_INFINITE_RECURSION = YES;
				CLANG_WARN_INT_CONVERSION = YES;
				CLANG_WARN_NON_LITERAL_NULL_CONVERSION = YES;
				CLANG_WARN_OBJC_LITERAL_CONVERSION = YES;
				CLANG_WARN_OBJC_ROOT_CLASS = YES_ERROR;
				CLANG_WARN_RANGE_LOOP_ANALYSIS = YES;
				CLANG_WARN_STRICT_PROTOTYPES = YES;
				CLANG_WARN_SUSPICIOUS_MOVE = YES;
				CLANG_WARN_UNGUARDED_AVAILABILITY = YES_AGGRESSIVE;
				CLANG_WARN_UNREACHABLE_CODE = YES;
				CLANG_WARN__DUPLICATE_METHOD_MATCH = YES;
				CODE_SIGN_IDENTITY = "iPhone Developer";
				COPY_PHASE_STRIP = NO;
				DEBUG_INFORMATION_FORMAT = "dwarf-with-dsym";
				ENABLE_NS_ASSERTIONS = NO;
				ENABLE_STRICT_OBJC_MSGSEND = YES;
				GCC_C_LANGUAGE_STANDARD = gnu11;
				GCC_NO_COMMON_BLOCKS = YES;
				GCC_WARN_64_TO_32_BIT_CONVERSION = YES;
				GCC_WARN_ABOUT_RETURN_TYPE = YES_ERROR;
				GCC_WARN_UNDECLARED_SELECTOR = YES;
				GCC_WARN_UNINITIALIZED_AUTOS = YES_AGGRESSIVE;
				GCC_WARN_UNUSED_FUNCTION = YES;
				GCC_WARN_UNUSED_VARIABLE = YES;
				IPHONEOS_DEPLOYMENT_TARGET = 11.0;
				MTL_ENABLE_DEBUG_INFO = NO;
				SDKROOT = iphoneos;
				SWIFT_OPTIMIZATION_LEVEL = "-Owholemodule";
				VALIDATE_PRODUCT = YES;
			};
			name = Release;
		};
		8A57C0FA1F7E03DC008D1A9E /* Debug */ = {
			isa = XCBuildConfiguration;
			buildSettings = {
				ASSETCATALOG_COMPILER_APPICON_NAME = AppIcon;
				CODE_SIGN_STYLE = Automatic;
				DEVELOPMENT_TEAM = 7SXMYCF7B2;
				INFOPLIST_FILE = TransitionViewControllerDemo/Info.plist;
				IPHONEOS_DEPLOYMENT_TARGET = 9.0;
				LD_RUNPATH_SEARCH_PATHS = "$(inherited) @executable_path/Frameworks";
				PRODUCT_BUNDLE_IDENTIFIER = com.liyao.TransitionViewControllerDemo;
				PRODUCT_NAME = "$(TARGET_NAME)";
				SWIFT_VERSION = 4.0;
				TARGETED_DEVICE_FAMILY = "1,2";
			};
			name = Debug;
		};
		8A57C0FB1F7E03DC008D1A9E /* Release */ = {
			isa = XCBuildConfiguration;
			buildSettings = {
				ASSETCATALOG_COMPILER_APPICON_NAME = AppIcon;
				CODE_SIGN_STYLE = Automatic;
				DEVELOPMENT_TEAM = 7SXMYCF7B2;
				INFOPLIST_FILE = TransitionViewControllerDemo/Info.plist;
				IPHONEOS_DEPLOYMENT_TARGET = 9.0;
				LD_RUNPATH_SEARCH_PATHS = "$(inherited) @executable_path/Frameworks";
				PRODUCT_BUNDLE_IDENTIFIER = com.liyao.TransitionViewControllerDemo;
				PRODUCT_NAME = "$(TARGET_NAME)";
				SWIFT_VERSION = 4.0;
				TARGETED_DEVICE_FAMILY = "1,2";
			};
			name = Release;
		};
		8AEA683B1F8219440038B7E4 /* Debug */ = {
			isa = XCBuildConfiguration;
			buildSettings = {
				BUNDLE_LOADER = "$(TEST_HOST)";
				CODE_SIGN_STYLE = Automatic;
				DEVELOPMENT_TEAM = 7SXMYCF7B2;
				INFOPLIST_FILE = TransitionViewControllerDemoTests/Info.plist;
				LD_RUNPATH_SEARCH_PATHS = "$(inherited) @executable_path/Frameworks @loader_path/Frameworks";
				PRODUCT_BUNDLE_IDENTIFIER = com.liyao.TransitionViewControllerDemoTests;
				PRODUCT_NAME = "$(TARGET_NAME)";
				SWIFT_VERSION = 4.0;
				TARGETED_DEVICE_FAMILY = "1,2";
				TEST_HOST = "$(BUILT_PRODUCTS_DIR)/TransitionViewControllerDemo.app/TransitionViewControllerDemo";
			};
			name = Debug;
		};
		8AEA683C1F8219440038B7E4 /* Release */ = {
			isa = XCBuildConfiguration;
			buildSettings = {
				BUNDLE_LOADER = "$(TEST_HOST)";
				CODE_SIGN_STYLE = Automatic;
				DEVELOPMENT_TEAM = 7SXMYCF7B2;
				INFOPLIST_FILE = TransitionViewControllerDemoTests/Info.plist;
				LD_RUNPATH_SEARCH_PATHS = "$(inherited) @executable_path/Frameworks @loader_path/Frameworks";
				PRODUCT_BUNDLE_IDENTIFIER = com.liyao.TransitionViewControllerDemoTests;
				PRODUCT_NAME = "$(TARGET_NAME)";
				SWIFT_VERSION = 4.0;
				TARGETED_DEVICE_FAMILY = "1,2";
				TEST_HOST = "$(BUILT_PRODUCTS_DIR)/TransitionViewControllerDemo.app/TransitionViewControllerDemo";
			};
			name = Release;
		};
/* End XCBuildConfiguration section */

/* Begin XCConfigurationList section */
		8A57C0E21F7E03DC008D1A9E /* Build configuration list for PBXProject "TransitionViewControllerDemo" */ = {
			isa = XCConfigurationList;
			buildConfigurations = (
				8A57C0F71F7E03DC008D1A9E /* Debug */,
				8A57C0F81F7E03DC008D1A9E /* Release */,
			);
			defaultConfigurationIsVisible = 0;
			defaultConfigurationName = Release;
		};
		8A57C0F91F7E03DC008D1A9E /* Build configuration list for PBXNativeTarget "TransitionViewControllerDemo" */ = {
			isa = XCConfigurationList;
			buildConfigurations = (
				8A57C0FA1F7E03DC008D1A9E /* Debug */,
				8A57C0FB1F7E03DC008D1A9E /* Release */,
			);
			defaultConfigurationIsVisible = 0;
			defaultConfigurationName = Release;
		};
		8AEA683D1F8219440038B7E4 /* Build configuration list for PBXNativeTarget "TransitionViewControllerDemoTests" */ = {
			isa = XCConfigurationList;
			buildConfigurations = (
				8AEA683B1F8219440038B7E4 /* Debug */,
				8AEA683C1F8219440038B7E4 /* Release */,
			);
			defaultConfigurationIsVisible = 0;
			defaultConfigurationName = Release;
		};
/* End XCConfigurationList section */
	};
	rootObject = 8A57C0DF1F7E03DC008D1A9E /* Project object */;
}
